
Microsoft Visual Studio Solution File, Format Version 12.00
Project("{FAE04EC0-301F-11D3-BF4B-00C04F79EFBC}") = "UnitTesting", "UnitTesting.csproj", "{79CF4C35-D0BB-4085-B81C-41B8B2B73FAE}"
EndProject
Project("{FAE04EC0-301F-11D3-BF4B-00C04F79EFBC}") = "Pulumi", "..\..\..\go\src\github.com\pulumi\pulumi\sdk\dotnet\Pulumi\Pulumi.csproj", "{E16D3ECE-2D37-420B-9BE4-6644989D45FA}"
EndProject
Project("{FAE04EC0-301F-11D3-BF4B-00C04F79EFBC}") = "Pulumi.Azure", "..\..\..\go\src\github.com\pulumi\pulumi-azure\sdk\dotnet\Pulumi.Azure.csproj", "{D8CFB86B-4399-4791-9115-9E0F071ACF69}"
EndProject
Project("{FAE04EC0-301F-11D3-BF4B-00C04F79EFBC}") = "Pulumi.Tests", "..\..\..\go\src\github.com\pulumi\pulumi\sdk\dotnet\Pulumi.Tests\Pulumi.Tests.csproj", "{283CEDC5-B8D6-43D2-B0D4-9C8F9E24A81F}"
EndProject
Global
	GlobalSection(SolutionConfigurationPlatforms) = preSolution
		Debug|Any CPU = Debug|Any CPU
		Release|Any CPU = Release|Any CPU
	EndGlobalSection
	GlobalSection(ProjectConfigurationPlatforms) = postSolution
		{79CF4C35-D0BB-4085-B81C-41B8B2B73FAE}.Debug|Any CPU.ActiveCfg = Debug|Any CPU
		{79CF4C35-D0BB-4085-B81C-41B8B2B73FAE}.Debug|Any CPU.Build.0 = Debug|Any CPU
		{79CF4C35-D0BB-4085-B81C-41B8B2B73FAE}.Release|Any CPU.ActiveCfg = Release|Any CPU
		{79CF4C35-D0BB-4085-B81C-41B8B2B73FAE}.Release|Any CPU.Build.0 = Release|Any CPU
		{E16D3ECE-2D37-420B-9BE4-6644989D45FA}.Debug|Any CPU.ActiveCfg = Debug|Any CPU
		{E16D3ECE-2D37-420B-9BE4-6644989D45FA}.Debug|Any CPU.Build.0 = Debug|Any CPU
		{E16D3ECE-2D37-420B-9BE4-6644989D45FA}.Release|Any CPU.ActiveCfg = Release|Any CPU
		{E16D3ECE-2D37-420B-9BE4-6644989D45FA}.Release|Any CPU.Build.0 = Release|Any CPU
		{D8CFB86B-4399-4791-9115-9E0F071ACF69}.Debug|Any CPU.ActiveCfg = Debug|Any CPU
		{D8CFB86B-4399-4791-9115-9E0F071ACF69}.Debug|Any CPU.Build.0 = Debug|Any CPU
		{D8CFB86B-4399-4791-9115-9E0F071ACF69}.Release|Any CPU.ActiveCfg = Release|Any CPU
		{D8CFB86B-4399-4791-9115-9E0F071ACF69}.Release|Any CPU.Build.0 = Release|Any CPU
		{283CEDC5-B8D6-43D2-B0D4-9C8F9E24A81F}.Debug|Any CPU.ActiveCfg = Debug|Any CPU
		{283CEDC5-B8D6-43D2-B0D4-9C8F9E24A81F}.Debug|Any CPU.Build.0 = Debug|Any CPU
		{283CEDC5-B8D6-43D2-B0D4-9C8F9E24A81F}.Release|Any CPU.ActiveCfg = Release|Any CPU
		{283CEDC5-B8D6-43D2-B0D4-9C8F9E24A81F}.Release|Any CPU.Build.0 = Release|Any CPU
	EndGlobalSection
EndGlobal
