
Microsoft Visual Studio Solution File, Format Version 12.00
# Visual Studio 15
Project("{FAE04EC0-301F-11D3-BF4B-00C04F79EFBC}") = "assume-role", "assume-role.csproj", "{A33F8284-FA5E-45B4-94F0-8F47CA263750}"
EndProject
Global
	GlobalSection(SolutionConfigurationPlatforms) = preSolution
		Debug|Any CPU = Debug|Any CPU
		Release|Any CPU = Release|Any CPU
	EndGlobalSection
	GlobalSection(ProjectConfigurationPlatforms) = postSolution
		{A33F8284-FA5E-45B4-94F0-8F47CA263750}.Debug|Any CPU.ActiveCfg = Debug|Any CPU
		{A33F8284-FA5E-45B4-94F0-8F47CA263750}.Debug|Any CPU.Build.0 = Debug|Any CPU
		{A33F8284-FA5E-45B4-94F0-8F47CA263750}.Release|Any CPU.ActiveCfg = Release|Any CPU
		{A33F8284-FA5E-45B4-94F0-8F47CA263750}.Release|Any CPU.Build.0 = Release|Any CPU
	EndGlobalSection
EndGlobal
