
Microsoft Visual Studio Solution File, Format Version 12.00
# Visual Studio Version 16
VisualStudioVersion = 16.0.29411.138
MinimumVisualStudioVersion = 10.0.40219.1
Project("{9A19103F-16F7-4668-BE54-9A1E7A4F7556}") = "Azure.WebServer", "classic-azure-cs-webserver\Azure.WebServer.csproj", "{0BE49450-B90C-4CC5-BEA5-4D5A74C7C7DE}"
EndProject
Project("{9A19103F-16F7-4668-BE54-9A1E7A4F7556}") = "Azure.AppService", "azure-cs-appservice\Azure.AppService.csproj", "{80AAC51F-54AE-4344-99D0-E2F2B6A959E8}"
EndProject
Project("{9A19103F-16F7-4668-BE54-9A1E7A4F7556}") = "Azure.CosmosAppComponent", "classic-azure-cs-cosmosapp-component\Azure.CosmosAppComponent.csproj", "{FA754E4A-319E-4E9A-A3CC-2E35C94115A7}"
EndProject
Project("{6EC3EE1D-3C4E-46DD-8F32-0CC8E7565705}") = "Azure.AppService", "classic-azure-fs-appservice\Azure.AppService.fsproj", "{F420C993-DAE7-49DD-8D4D-C908C6842636}"
EndProject
Project("{9A19103F-16F7-4668-BE54-9A1E7A4F7556}") = "Azure.Aks", "azure-cs-aks\Azure.Aks.csproj", "{87A11F4D-063D-4374-9D22-156F04C767BE}"
EndProject
Project("{9A19103F-16F7-4668-BE54-9A1E7A4F7556}") = "Azure.KeyVault", "classic-azure-cs-msi-keyvault-rbac\Azure.KeyVault.csproj", "{79319396-C17A-4DBB-92B2-7291D39E0B70}"
EndProject
Project("{9A19103F-16F7-4668-BE54-9A1E7A4F7556}") = "Azure.Functions", "azure-cs-functions\Azure.Functions.csproj", "{8C01B8EF-B770-4817-98F2-F7FC6F2B2A74}"
EndProject
Project("{9A19103F-16F7-4668-BE54-9A1E7A4F7556}") = "Aws.WebServer", "aws-cs-webserver\Aws.WebServer.csproj", "{C0F20B39-07D0-4118-A48F-6D3911673424}"
EndProject
Project("{9A19103F-16F7-4668-BE54-9A1E7A4F7556}") = "Gcp.Functions", "gcp-cs-functions\Gcp.Functions.csproj", "{EAA745CE-CB4E-4F33-B373-051DE1C154B3}"
EndProject
Project("{9A19103F-16F7-4668-BE54-9A1E7A4F7556}") = "Azure.BotService", "classic-azure-cs-botservice\Azure.BotService.csproj", "{BF0F5532-EDDE-4AD4-8FA2-2D11CDED65D3}"
EndProject
Project("{FAE04EC0-301F-11D3-BF4B-00C04F79EFBC}") = "Digitalocean.LoadbalancedDroplets", "digitalocean-cs-loadbalanced-droplets\Digitalocean.LoadbalancedDroplets.csproj", "{C21DF417-3E59-45D0-911F-772E3793E0A2}"
EndProject
Project("{FAE04EC0-301F-11D3-BF4B-00C04F79EFBC}") = "Digitalocean.K8s", "digitalocean-cs-k8s\Digitalocean.K8s.csproj", "{CA1DB6A6-4B5D-41D7-AED6-43C096F5C7F4}"
EndProject
Project("{6EC3EE1D-3C4E-46DD-8F32-0CC8E7565705}") = "Azure.Aci", "classic-azure-fs-aci\Azure.Aci.fsproj", "{9F646ECF-9CD3-4686-8C4C-FE6AAAD29FEC}"
EndProject
Project("{FAE04EC0-301F-11D3-BF4B-00C04F79EFBC}") = "Azure.StaticWebsite", "azure-cs-static-website\Azure.StaticWebsite.csproj", "{4DEEF787-D589-44C5-AAB1-570D2D920043}"
EndProject
Project("{F2A71F9B-5D33-465A-A702-920D77279786}") = "Azure.Aks", "classic-azure-fs-aks\Azure.Aks.fsproj", "{555DED90-15AE-4620-ACEE-B53EC237C62B}"
EndProject
Project("{FAE04EC0-301F-11D3-BF4B-00C04F79EFBC}") = "Aws.Fargate", "aws-cs-fargate\Infra\Aws.Fargate.csproj", "{DCE03BA3-B0AA-4897-85D3-4EFEA7D1054C}"
EndProject
Project("{FAE04EC0-301F-11D3-BF4B-00C04F79EFBC}") = "Aws.Lambda", "aws-cs-lambda\pulumi\Aws.Lambda.csproj", "{82239443-6891-4644-B924-CB37D4FB74A6}"
EndProject
Project("{F2A71F9B-5D33-465A-A702-920D77279786}") = "Aws.LambdaWebServer", "aws-fs-lambda-webserver\pulumi\Aws.LambdaWebServer.fsproj", "{0FBE36F0-3E75-40C9-A619-889EE104335D}"
EndProject
Project("{FAE04EC0-301F-11D3-BF4B-00C04F79EFBC}") = "Gcp.Gke", "gcp-cs-gke\Gcp.Gke.csproj", "{06BFC462-090E-4BC9-B518-CC7BA3B767E1}"
EndProject
Project("{FAE04EC0-301F-11D3-BF4B-00C04F79EFBC}") = "Kubernetes.Guestbook", "kubernetes-cs-guestbook\simple\Kubernetes.Guestbook.csproj", "{D62CD873-8DCA-459C-A10D-4B022D82174E}"
EndProject
Project("{FAE04EC0-301F-11D3-BF4B-00C04F79EFBC}") = "Kubernetes.Guestbook.Components", "kubernetes-cs-guestbook\components\Kubernetes.Guestbook.Components.csproj", "{8836BAE0-2093-44F0-89E2-3F233CB72CCC}"
EndProject
Project("{FAE04EC0-301F-11D3-BF4B-00C04F79EFBC}") = "UnitTesting", "testing-unit-cs\UnitTesting.csproj", "{7A9FC7DC-DC35-4033-B4FF-E9EFB3E6EBB8}"
EndProject
Project("{9A19103F-16F7-4668-BE54-9A1E7A4F7556}") = "Azure.CredentialRotation.OneSet", "azure-cs-credential-rotation-one-set\Azure.CredentialRotation.OneSet.csproj", "{34988495-6782-4AE3-9224-DE26A8FA1C61}"
EndProject
Project("{FAE04EC0-301F-11D3-BF4B-00C04F79EFBC}") = "Azure.Aci", "azure-cs-aci\Azure.Aci.csproj", "{2A1D8162-FEB3-44DA-B8AD-BEA9E8C04B65}"
EndProject
Project("{FAE04EC0-301F-11D3-BF4B-00C04F79EFBC}") = "Azure.AppService.Docker", "azure-cs-appservice-docker\Azure.AppService.Docker.csproj", "{ACF69586-B1BF-4659-B084-CF57CDD70A68}"
EndProject
Project("{FAE04EC0-301F-11D3-BF4B-00C04F79EFBC}") = "Azure.Dotnet5", "azure-cs-net5-aks-webapp\Azure.Dotnet5.csproj", "{515727EA-8AE7-40CC-90CC-7FB209CC16B2}"
EndProject
Project("{FAE04EC0-301F-11D3-BF4B-00C04F79EFBC}") = "Azure.Synapse", "azure-cs-synapse\Azure.Synapse.csproj", "{587D3AE3-0DF4-40AC-8452-3ABA8EF1DDCB}"
EndProject
Global
	GlobalSection(SolutionConfigurationPlatforms) = preSolution
		Debug|Any CPU = Debug|Any CPU
		Release|Any CPU = Release|Any CPU
	EndGlobalSection
	GlobalSection(ProjectConfigurationPlatforms) = postSolution
		{0BE49450-B90C-4CC5-BEA5-4D5A74C7C7DE}.Debug|Any CPU.ActiveCfg = Debug|Any CPU
		{0BE49450-B90C-4CC5-BEA5-4D5A74C7C7DE}.Debug|Any CPU.Build.0 = Debug|Any CPU
		{0BE49450-B90C-4CC5-BEA5-4D5A74C7C7DE}.Release|Any CPU.ActiveCfg = Release|Any CPU
		{0BE49450-B90C-4CC5-BEA5-4D5A74C7C7DE}.Release|Any CPU.Build.0 = Release|Any CPU
		{80AAC51F-54AE-4344-99D0-E2F2B6A959E8}.Debug|Any CPU.ActiveCfg = Debug|Any CPU
		{80AAC51F-54AE-4344-99D0-E2F2B6A959E8}.Debug|Any CPU.Build.0 = Debug|Any CPU
		{80AAC51F-54AE-4344-99D0-E2F2B6A959E8}.Release|Any CPU.ActiveCfg = Release|Any CPU
		{80AAC51F-54AE-4344-99D0-E2F2B6A959E8}.Release|Any CPU.Build.0 = Release|Any CPU
		{FA754E4A-319E-4E9A-A3CC-2E35C94115A7}.Debug|Any CPU.ActiveCfg = Debug|Any CPU
		{FA754E4A-319E-4E9A-A3CC-2E35C94115A7}.Debug|Any CPU.Build.0 = Debug|Any CPU
		{FA754E4A-319E-4E9A-A3CC-2E35C94115A7}.Release|Any CPU.ActiveCfg = Release|Any CPU
		{FA754E4A-319E-4E9A-A3CC-2E35C94115A7}.Release|Any CPU.Build.0 = Release|Any CPU
		{F420C993-DAE7-49DD-8D4D-C908C6842636}.Debug|Any CPU.ActiveCfg = Debug|Any CPU
		{F420C993-DAE7-49DD-8D4D-C908C6842636}.Debug|Any CPU.Build.0 = Debug|Any CPU
		{F420C993-DAE7-49DD-8D4D-C908C6842636}.Release|Any CPU.ActiveCfg = Release|Any CPU
		{F420C993-DAE7-49DD-8D4D-C908C6842636}.Release|Any CPU.Build.0 = Release|Any CPU
		{87A11F4D-063D-4374-9D22-156F04C767BE}.Debug|Any CPU.ActiveCfg = Debug|Any CPU
		{87A11F4D-063D-4374-9D22-156F04C767BE}.Debug|Any CPU.Build.0 = Debug|Any CPU
		{87A11F4D-063D-4374-9D22-156F04C767BE}.Release|Any CPU.ActiveCfg = Release|Any CPU
		{87A11F4D-063D-4374-9D22-156F04C767BE}.Release|Any CPU.Build.0 = Release|Any CPU
		{79319396-C17A-4DBB-92B2-7291D39E0B70}.Debug|Any CPU.ActiveCfg = Debug|Any CPU
		{79319396-C17A-4DBB-92B2-7291D39E0B70}.Debug|Any CPU.Build.0 = Debug|Any CPU
		{79319396-C17A-4DBB-92B2-7291D39E0B70}.Release|Any CPU.ActiveCfg = Release|Any CPU
		{79319396-C17A-4DBB-92B2-7291D39E0B70}.Release|Any CPU.Build.0 = Release|Any CPU
		{8C01B8EF-B770-4817-98F2-F7FC6F2B2A74}.Debug|Any CPU.ActiveCfg = Debug|Any CPU
		{8C01B8EF-B770-4817-98F2-F7FC6F2B2A74}.Debug|Any CPU.Build.0 = Debug|Any CPU
		{8C01B8EF-B770-4817-98F2-F7FC6F2B2A74}.Release|Any CPU.ActiveCfg = Release|Any CPU
		{8C01B8EF-B770-4817-98F2-F7FC6F2B2A74}.Release|Any CPU.Build.0 = Release|Any CPU
		{C0F20B39-07D0-4118-A48F-6D3911673424}.Debug|Any CPU.ActiveCfg = Debug|Any CPU
		{C0F20B39-07D0-4118-A48F-6D3911673424}.Debug|Any CPU.Build.0 = Debug|Any CPU
		{C0F20B39-07D0-4118-A48F-6D3911673424}.Release|Any CPU.ActiveCfg = Release|Any CPU
		{C0F20B39-07D0-4118-A48F-6D3911673424}.Release|Any CPU.Build.0 = Release|Any CPU
		{EAA745CE-CB4E-4F33-B373-051DE1C154B3}.Debug|Any CPU.ActiveCfg = Debug|Any CPU
		{EAA745CE-CB4E-4F33-B373-051DE1C154B3}.Debug|Any CPU.Build.0 = Debug|Any CPU
		{EAA745CE-CB4E-4F33-B373-051DE1C154B3}.Release|Any CPU.ActiveCfg = Release|Any CPU
		{EAA745CE-CB4E-4F33-B373-051DE1C154B3}.Release|Any CPU.Build.0 = Release|Any CPU
		{BF0F5532-EDDE-4AD4-8FA2-2D11CDED65D3}.Debug|Any CPU.ActiveCfg = Debug|Any CPU
		{BF0F5532-EDDE-4AD4-8FA2-2D11CDED65D3}.Debug|Any CPU.Build.0 = Debug|Any CPU
		{BF0F5532-EDDE-4AD4-8FA2-2D11CDED65D3}.Release|Any CPU.ActiveCfg = Release|Any CPU
		{BF0F5532-EDDE-4AD4-8FA2-2D11CDED65D3}.Release|Any CPU.Build.0 = Release|Any CPU
		{C21DF417-3E59-45D0-911F-772E3793E0A2}.Debug|Any CPU.ActiveCfg = Debug|Any CPU
		{C21DF417-3E59-45D0-911F-772E3793E0A2}.Debug|Any CPU.Build.0 = Debug|Any CPU
		{C21DF417-3E59-45D0-911F-772E3793E0A2}.Release|Any CPU.ActiveCfg = Release|Any CPU
		{C21DF417-3E59-45D0-911F-772E3793E0A2}.Release|Any CPU.Build.0 = Release|Any CPU
		{CA1DB6A6-4B5D-41D7-AED6-43C096F5C7F4}.Debug|Any CPU.ActiveCfg = Debug|Any CPU
		{CA1DB6A6-4B5D-41D7-AED6-43C096F5C7F4}.Debug|Any CPU.Build.0 = Debug|Any CPU
		{CA1DB6A6-4B5D-41D7-AED6-43C096F5C7F4}.Release|Any CPU.ActiveCfg = Release|Any CPU
		{CA1DB6A6-4B5D-41D7-AED6-43C096F5C7F4}.Release|Any CPU.Build.0 = Release|Any CPU
		{9F646ECF-9CD3-4686-8C4C-FE6AAAD29FEC}.Debug|Any CPU.ActiveCfg = Debug|Any CPU
		{9F646ECF-9CD3-4686-8C4C-FE6AAAD29FEC}.Debug|Any CPU.Build.0 = Debug|Any CPU
		{9F646ECF-9CD3-4686-8C4C-FE6AAAD29FEC}.Release|Any CPU.ActiveCfg = Release|Any CPU
		{9F646ECF-9CD3-4686-8C4C-FE6AAAD29FEC}.Release|Any CPU.Build.0 = Release|Any CPU
		{23099098-BEE1-4199-B1AB-8864DE7276DA}.Debug|Any CPU.ActiveCfg = Debug|Any CPU
		{23099098-BEE1-4199-B1AB-8864DE7276DA}.Debug|Any CPU.Build.0 = Debug|Any CPU
		{23099098-BEE1-4199-B1AB-8864DE7276DA}.Release|Any CPU.ActiveCfg = Release|Any CPU
		{23099098-BEE1-4199-B1AB-8864DE7276DA}.Release|Any CPU.Build.0 = Release|Any CPU
		{4DEEF787-D589-44C5-AAB1-570D2D920043}.Debug|Any CPU.ActiveCfg = Debug|Any CPU
		{4DEEF787-D589-44C5-AAB1-570D2D920043}.Debug|Any CPU.Build.0 = Debug|Any CPU
		{4DEEF787-D589-44C5-AAB1-570D2D920043}.Release|Any CPU.ActiveCfg = Release|Any CPU
		{4DEEF787-D589-44C5-AAB1-570D2D920043}.Release|Any CPU.Build.0 = Release|Any CPU
		{555DED90-15AE-4620-ACEE-B53EC237C62B}.Debug|Any CPU.ActiveCfg = Debug|Any CPU
		{555DED90-15AE-4620-ACEE-B53EC237C62B}.Debug|Any CPU.Build.0 = Debug|Any CPU
		{555DED90-15AE-4620-ACEE-B53EC237C62B}.Release|Any CPU.ActiveCfg = Release|Any CPU
		{555DED90-15AE-4620-ACEE-B53EC237C62B}.Release|Any CPU.Build.0 = Release|Any CPU
		{DCE03BA3-B0AA-4897-85D3-4EFEA7D1054C}.Debug|Any CPU.ActiveCfg = Debug|Any CPU
		{DCE03BA3-B0AA-4897-85D3-4EFEA7D1054C}.Debug|Any CPU.Build.0 = Debug|Any CPU
		{DCE03BA3-B0AA-4897-85D3-4EFEA7D1054C}.Release|Any CPU.ActiveCfg = Release|Any CPU
		{DCE03BA3-B0AA-4897-85D3-4EFEA7D1054C}.Release|Any CPU.Build.0 = Release|Any CPU
		{82239443-6891-4644-B924-CB37D4FB74A6}.Debug|Any CPU.ActiveCfg = Debug|Any CPU
		{82239443-6891-4644-B924-CB37D4FB74A6}.Debug|Any CPU.Build.0 = Debug|Any CPU
		{82239443-6891-4644-B924-CB37D4FB74A6}.Release|Any CPU.ActiveCfg = Release|Any CPU
		{82239443-6891-4644-B924-CB37D4FB74A6}.Release|Any CPU.Build.0 = Release|Any CPU
		{0FBE36F0-3E75-40C9-A619-889EE104335D}.Debug|Any CPU.ActiveCfg = Debug|Any CPU
		{0FBE36F0-3E75-40C9-A619-889EE104335D}.Debug|Any CPU.Build.0 = Debug|Any CPU
		{0FBE36F0-3E75-40C9-A619-889EE104335D}.Release|Any CPU.ActiveCfg = Release|Any CPU
		{0FBE36F0-3E75-40C9-A619-889EE104335D}.Release|Any CPU.Build.0 = Release|Any CPU
		{06BFC462-090E-4BC9-B518-CC7BA3B767E1}.Debug|Any CPU.ActiveCfg = Debug|Any CPU
		{06BFC462-090E-4BC9-B518-CC7BA3B767E1}.Debug|Any CPU.Build.0 = Debug|Any CPU
		{06BFC462-090E-4BC9-B518-CC7BA3B767E1}.Release|Any CPU.ActiveCfg = Release|Any CPU
		{06BFC462-090E-4BC9-B518-CC7BA3B767E1}.Release|Any CPU.Build.0 = Release|Any CPU
		{D62CD873-8DCA-459C-A10D-4B022D82174E}.Debug|Any CPU.ActiveCfg = Debug|Any CPU
		{D62CD873-8DCA-459C-A10D-4B022D82174E}.Debug|Any CPU.Build.0 = Debug|Any CPU
		{D62CD873-8DCA-459C-A10D-4B022D82174E}.Release|Any CPU.ActiveCfg = Release|Any CPU
		{D62CD873-8DCA-459C-A10D-4B022D82174E}.Release|Any CPU.Build.0 = Release|Any CPU
		{8836BAE0-2093-44F0-89E2-3F233CB72CCC}.Debug|Any CPU.ActiveCfg = Debug|Any CPU
		{8836BAE0-2093-44F0-89E2-3F233CB72CCC}.Debug|Any CPU.Build.0 = Debug|Any CPU
		{8836BAE0-2093-44F0-89E2-3F233CB72CCC}.Release|Any CPU.ActiveCfg = Release|Any CPU
		{8836BAE0-2093-44F0-89E2-3F233CB72CCC}.Release|Any CPU.Build.0 = Release|Any CPU
		{7A9FC7DC-DC35-4033-B4FF-E9EFB3E6EBB8}.Debug|Any CPU.ActiveCfg = Debug|Any CPU
		{7A9FC7DC-DC35-4033-B4FF-E9EFB3E6EBB8}.Debug|Any CPU.Build.0 = Debug|Any CPU
		{7A9FC7DC-DC35-4033-B4FF-E9EFB3E6EBB8}.Release|Any CPU.ActiveCfg = Release|Any CPU
		{7A9FC7DC-DC35-4033-B4FF-E9EFB3E6EBB8}.Release|Any CPU.Build.0 = Release|Any CPU
		{B3739A06-5343-4990-A48B-E5BEFAC5678A}.Debug|Any CPU.ActiveCfg = Debug|Any CPU
		{B3739A06-5343-4990-A48B-E5BEFAC5678A}.Debug|Any CPU.Build.0 = Debug|Any CPU
		{B3739A06-5343-4990-A48B-E5BEFAC5678A}.Release|Any CPU.ActiveCfg = Release|Any CPU
		{B3739A06-5343-4990-A48B-E5BEFAC5678A}.Release|Any CPU.Build.0 = Release|Any CPU
		{34988495-6782-4AE3-9224-DE26A8FA1C61}.Debug|Any CPU.ActiveCfg = Debug|Any CPU
		{34988495-6782-4AE3-9224-DE26A8FA1C61}.Debug|Any CPU.Build.0 = Debug|Any CPU
		{34988495-6782-4AE3-9224-DE26A8FA1C61}.Release|Any CPU.ActiveCfg = Release|Any CPU
		{34988495-6782-4AE3-9224-DE26A8FA1C61}.Release|Any CPU.Build.0 = Release|Any CPU
		{2A1D8162-FEB3-44DA-B8AD-BEA9E8C04B65}.Debug|Any CPU.ActiveCfg = Debug|Any CPU
		{2A1D8162-FEB3-44DA-B8AD-BEA9E8C04B65}.Debug|Any CPU.Build.0 = Debug|Any CPU
		{2A1D8162-FEB3-44DA-B8AD-BEA9E8C04B65}.Release|Any CPU.ActiveCfg = Release|Any CPU
		{2A1D8162-FEB3-44DA-B8AD-BEA9E8C04B65}.Release|Any CPU.Build.0 = Release|Any CPU
		{ACF69586-B1BF-4659-B084-CF57CDD70A68}.Debug|Any CPU.ActiveCfg = Debug|Any CPU
		{ACF69586-B1BF-4659-B084-CF57CDD70A68}.Debug|Any CPU.Build.0 = Debug|Any CPU
		{ACF69586-B1BF-4659-B084-CF57CDD70A68}.Release|Any CPU.ActiveCfg = Release|Any CPU
		{ACF69586-B1BF-4659-B084-CF57CDD70A68}.Release|Any CPU.Build.0 = Release|Any CPU
		{515727EA-8AE7-40CC-90CC-7FB209CC16B2}.Debug|Any CPU.ActiveCfg = Debug|Any CPU
		{515727EA-8AE7-40CC-90CC-7FB209CC16B2}.Debug|Any CPU.Build.0 = Debug|Any CPU
		{515727EA-8AE7-40CC-90CC-7FB209CC16B2}.Release|Any CPU.ActiveCfg = Release|Any CPU
		{515727EA-8AE7-40CC-90CC-7FB209CC16B2}.Release|Any CPU.Build.0 = Release|Any CPU
		{587D3AE3-0DF4-40AC-8452-3ABA8EF1DDCB}.Debug|Any CPU.ActiveCfg = Debug|Any CPU
		{587D3AE3-0DF4-40AC-8452-3ABA8EF1DDCB}.Debug|Any CPU.Build.0 = Debug|Any CPU
		{587D3AE3-0DF4-40AC-8452-3ABA8EF1DDCB}.Release|Any CPU.ActiveCfg = Release|Any CPU
		{587D3AE3-0DF4-40AC-8452-3ABA8EF1DDCB}.Release|Any CPU.Build.0 = Release|Any CPU
	EndGlobalSection
	GlobalSection(SolutionProperties) = preSolution
		HideSolutionNode = FALSE
	EndGlobalSection
	GlobalSection(ExtensibilityGlobals) = postSolution
		SolutionGuid = {CB1A5CC3-967F-4E67-B99F-E7BB80A3C2B5}
	EndGlobalSection
EndGlobal
