
Microsoft Visual Studio Solution File, Format Version 12.00
# Visual Studio Version 16
VisualStudioVersion = 16.0.29411.138
MinimumVisualStudioVersion = 10.0.40219.1
Project("{9A19103F-16F7-4668-BE54-9A1E7A4F7556}") = "Pulumi", "..\..\..\Users\shilk\go\src\github.com\pulumi\pulumi\sdk\dotnet\Pulumi\Pulumi.csproj", "{DB0BACA0-E655-46EF-896B-01A8EE24F824}"
EndProject
Project("{9A19103F-16F7-4668-BE54-9A1E7A4F7556}") = "Pulumi.Azure", "..\..\..\Users\shilk\go\src\github.com\pulumi\pulumi-azure\sdk\dotnet\Pulumi.Azure.csproj", "{5074730E-7D67-433F-B1B6-C7FCDC000EB5}"
EndProject
Project("{9A19103F-16F7-4668-BE54-9A1E7A4F7556}") = "WebServer", ".\azure-cs-webserver\WebServer.csproj", "{0BE49450-B90C-4CC5-BEA5-4D5A74C7C7DE}"
EndProject
Project("{9A19103F-16F7-4668-BE54-9A1E7A4F7556}") = "AppService", ".\azure-cs-appservice\AppService.csproj", "{80AAC51F-54AE-4344-99D0-E2F2B6A959E8}"
EndProject
Project("{9A19103F-16F7-4668-BE54-9A1E7A4F7556}") = "CosmosAppComponent", ".\azure-cs-cosmosapp-component\CosmosAppComponent.csproj", "{FA754E4A-319E-4E9A-A3CC-2E35C94115A7}"
EndProject
Global
	GlobalSection(SolutionConfigurationPlatforms) = preSolution
		Debug|Any CPU = Debug|Any CPU
		Release|Any CPU = Release|Any CPU
	EndGlobalSection
	GlobalSection(ProjectConfigurationPlatforms) = postSolution
		{DB0BACA0-E655-46EF-896B-01A8EE24F824}.Debug|Any CPU.ActiveCfg = Debug|Any CPU
		{DB0BACA0-E655-46EF-896B-01A8EE24F824}.Debug|Any CPU.Build.0 = Debug|Any CPU
		{DB0BACA0-E655-46EF-896B-01A8EE24F824}.Release|Any CPU.ActiveCfg = Release|Any CPU
		{DB0BACA0-E655-46EF-896B-01A8EE24F824}.Release|Any CPU.Build.0 = Release|Any CPU
		{5074730E-7D67-433F-B1B6-C7FCDC000EB5}.Debug|Any CPU.ActiveCfg = Debug|Any CPU
		{5074730E-7D67-433F-B1B6-C7FCDC000EB5}.Debug|Any CPU.Build.0 = Debug|Any CPU
		{5074730E-7D67-433F-B1B6-C7FCDC000EB5}.Release|Any CPU.ActiveCfg = Release|Any CPU
		{5074730E-7D67-433F-B1B6-C7FCDC000EB5}.Release|Any CPU.Build.0 = Release|Any CPU
		{0BE49450-B90C-4CC5-BEA5-4D5A74C7C7DE}.Debug|Any CPU.ActiveCfg = Debug|Any CPU
		{0BE49450-B90C-4CC5-BEA5-4D5A74C7C7DE}.Debug|Any CPU.Build.0 = Debug|Any CPU
		{0BE49450-B90C-4CC5-BEA5-4D5A74C7C7DE}.Release|Any CPU.ActiveCfg = Release|Any CPU
		{0BE49450-B90C-4CC5-BEA5-4D5A74C7C7DE}.Release|Any CPU.Build.0 = Release|Any CPU
		{80AAC51F-54AE-4344-99D0-E2F2B6A959E8}.Debug|Any CPU.ActiveCfg = Debug|Any CPU
		{80AAC51F-54AE-4344-99D0-E2F2B6A959E8}.Debug|Any CPU.Build.0 = Debug|Any CPU
		{80AAC51F-54AE-4344-99D0-E2F2B6A959E8}.Release|Any CPU.ActiveCfg = Release|Any CPU
		{80AAC51F-54AE-4344-99D0-E2F2B6A959E8}.Release|Any CPU.Build.0 = Release|Any CPU
		{FA754E4A-319E-4E9A-A3CC-2E35C94115A7}.Debug|Any CPU.ActiveCfg = Debug|Any CPU
		{FA754E4A-319E-4E9A-A3CC-2E35C94115A7}.Debug|Any CPU.Build.0 = Debug|Any CPU
		{FA754E4A-319E-4E9A-A3CC-2E35C94115A7}.Release|Any CPU.ActiveCfg = Release|Any CPU
		{FA754E4A-319E-4E9A-A3CC-2E35C94115A7}.Release|Any CPU.Build.0 = Release|Any CPU
	EndGlobalSection
	GlobalSection(SolutionProperties) = preSolution
		HideSolutionNode = FALSE
	EndGlobalSection
	GlobalSection(ExtensibilityGlobals) = postSolution
		SolutionGuid = {CB1A5CC3-967F-4E67-B99F-E7BB80A3C2B5}
	EndGlobalSection
EndGlobal
