
Microsoft Visual Studio Solution File, Format Version 12.00
# Visual Studio Version 16
VisualStudioVersion = 16.0.29418.71
MinimumVisualStudioVersion = 10.0.40219.1
Project("{9A19103F-16F7-4668-BE54-9A1E7A4F7556}") = "Azure.BotService", "Azure.BotService.csproj", "{84FCF786-E4CE-4461-BB04-0D2C08A0B8BF}"
EndProject
Global
	GlobalSection(SolutionConfigurationPlatforms) = preSolution
		Debug|Any CPU = Debug|Any CPU
		Release|Any CPU = Release|Any CPU
	EndGlobalSection
	GlobalSection(ProjectConfigurationPlatforms) = postSolution
		{84FCF786-E4CE-4461-BB04-0D2C08A0B8BF}.Debug|Any CPU.ActiveCfg = Debug|Any CPU
		{84FCF786-E4CE-4461-BB04-0D2C08A0B8BF}.Debug|Any CPU.Build.0 = Debug|Any CPU
		{84FCF786-E4CE-4461-BB04-0D2C08A0B8BF}.Release|Any CPU.ActiveCfg = Release|Any CPU
		{84FCF786-E4CE-4461-BB04-0D2C08A0B8BF}.Release|Any CPU.Build.0 = Release|Any CPU
	EndGlobalSection
	GlobalSection(SolutionProperties) = preSolution
		HideSolutionNode = FALSE
	EndGlobalSection
	GlobalSection(ExtensibilityGlobals) = postSolution
		SolutionGuid = {AA0BA7AD-2EB1-4861-9587-1AD8F01E4E8A}
	EndGlobalSection
EndGlobal
