
Microsoft Visual Studio Solution File, Format Version 12.00
# Visual Studio 15
Project("{FAE04EC0-301F-11D3-BF4B-00C04F79EFBC}") = "cs-assume-role", "cs-assume-role.csproj", "{890831CD-41EA-4B3C-AF93-F5051AD4BC5A}"
EndProject
Global
	GlobalSection(SolutionConfigurationPlatforms) = preSolution
		Debug|Any CPU = Debug|Any CPU
		Release|Any CPU = Release|Any CPU
	EndGlobalSection
	GlobalSection(ProjectConfigurationPlatforms) = postSolution
		{890831CD-41EA-4B3C-AF93-F5051AD4BC5A}.Debug|Any CPU.ActiveCfg = Debug|Any CPU
		{890831CD-41EA-4B3C-AF93-F5051AD4BC5A}.Debug|Any CPU.Build.0 = Debug|Any CPU
		{890831CD-41EA-4B3C-AF93-F5051AD4BC5A}.Release|Any CPU.ActiveCfg = Release|Any CPU
		{890831CD-41EA-4B3C-AF93-F5051AD4BC5A}.Release|Any CPU.Build.0 = Release|Any CPU
	EndGlobalSection
EndGlobal
