
Microsoft Visual Studio Solution File, Format Version 12.00
# Visual Studio Version 17
VisualStudioVersion = 17.0.31612.314
MinimumVisualStudioVersion = 10.0.40219.1
Project("{FAE04EC0-301F-11D3-BF4B-00C04F79EFBC}") = "BlazorApp.BlazorServer", "BlazorApp.BlazorServer\BlazorApp.BlazorServer.csproj", "{44A78429-08BA-478B-9946-4189E4FB1E38}"
EndProject
Project("{9A19103F-16F7-4668-BE54-9A1E7A4F7556}") = "BlazorApp.Infrastructure", "BlazorApp.Infrastructure\BlazorApp.Infrastructure.csproj", "{31D0B5FD-45D7-47F3-AE91-24D11F20C0F3}"
EndProject
Global
	GlobalSection(SolutionConfigurationPlatforms) = preSolution
		Debug|Any CPU = Debug|Any CPU
		Release|Any CPU = Release|Any CPU
	EndGlobalSection
	GlobalSection(ProjectConfigurationPlatforms) = postSolution
		{44A78429-08BA-478B-9946-4189E4FB1E38}.Debug|Any CPU.ActiveCfg = Debug|Any CPU
		{44A78429-08BA-478B-9946-4189E4FB1E38}.Debug|Any CPU.Build.0 = Debug|Any CPU
		{44A78429-08BA-478B-9946-4189E4FB1E38}.Release|Any CPU.ActiveCfg = Release|Any CPU
		{44A78429-08BA-478B-9946-4189E4FB1E38}.Release|Any CPU.Build.0 = Release|Any CPU
		{31D0B5FD-45D7-47F3-AE91-24D11F20C0F3}.Debug|Any CPU.ActiveCfg = Debug|Any CPU
		{31D0B5FD-45D7-47F3-AE91-24D11F20C0F3}.Debug|Any CPU.Build.0 = Debug|Any CPU
		{31D0B5FD-45D7-47F3-AE91-24D11F20C0F3}.Release|Any CPU.ActiveCfg = Release|Any CPU
		{31D0B5FD-45D7-47F3-AE91-24D11F20C0F3}.Release|Any CPU.Build.0 = Release|Any CPU
	EndGlobalSection
	GlobalSection(SolutionProperties) = preSolution
		HideSolutionNode = FALSE
	EndGlobalSection
	GlobalSection(ExtensibilityGlobals) = postSolution
		SolutionGuid = {A809C579-9827-4DD2-BEB1-31A97B12080E}
	EndGlobalSection
EndGlobal
