# THIS IS AN AUTOGENERATED FILE. DO NOT EDIT THIS FILE DIRECTLY.
# yarn lockfile v1


"@types/alexa-sdk@^1.0.11":
  version "1.1.0"
  resolved "https://registry.yarnpkg.com/@types/alexa-sdk/-/alexa-sdk-1.1.0.tgz#b632eae41f1b801bbe65b8e1f507edd02c273cd9"

"@types/node@^8.0.27":
  version "8.5.9"
  resolved "https://registry.yarnpkg.com/@types/node/-/node-8.5.9.tgz#7155cfb4ae405bca4dd8df1a214c339e939109bf"

"@types/tmp@^0.0.33":
  version "0.0.33"
  resolved "https://registry.yarnpkg.com/@types/tmp/-/tmp-0.0.33.tgz#1073c4bc824754ae3d10cfab88ab0237ba964e4d"

alexa-sdk@^1.0.25:
  version "1.0.25"
  resolved "https://registry.yarnpkg.com/alexa-sdk/-/alexa-sdk-1.0.25.tgz#bac389792aaba20bb7bd799eaf049ebff5bd8273"
  dependencies:
    aws-sdk "^2.4.7"
    i18next "^3.4.1"
    i18next-sprintf-postprocessor "^0.2.2"

aws-sdk@^2.4.7:
  version "2.184.0"
  resolved "https://registry.yarnpkg.com/aws-sdk/-/aws-sdk-2.184.0.tgz#6a379bdce5d930483626c43939086a23386e44ad"
  dependencies:
    buffer "4.9.1"
    events "^1.1.1"
    jmespath "0.15.0"
    querystring "0.2.0"
    sax "1.2.1"
    url "0.10.3"
    uuid "3.1.0"
    xml2js "0.4.17"
    xmlbuilder "4.2.1"

base64-js@^1.0.2:
  version "1.2.1"
  resolved "https://registry.yarnpkg.com/base64-js/-/base64-js-1.2.1.tgz#a91947da1f4a516ea38e5b4ec0ec3773675e0886"

buffer@4.9.1:
  version "4.9.1"
  resolved "https://registry.yarnpkg.com/buffer/-/buffer-4.9.1.tgz#6d1bb601b07a4efced97094132093027c95bc298"
  dependencies:
    base64-js "^1.0.2"
    ieee754 "^1.1.4"
    isarray "^1.0.0"

events@^1.1.1:
  version "1.1.1"
  resolved "https://registry.yarnpkg.com/events/-/events-1.1.1.tgz#9ebdb7635ad099c70dcc4c2a1f5004288e8bd924"

i18next-sprintf-postprocessor@^0.2.2:
  version "0.2.2"
  resolved "https://registry.yarnpkg.com/i18next-sprintf-postprocessor/-/i18next-sprintf-postprocessor-0.2.2.tgz#2e409f1043579382698b6a2da70cdaa551d67ea4"

i18next@^3.4.1:
  version "3.5.2"
  resolved "https://registry.yarnpkg.com/i18next/-/i18next-3.5.2.tgz#930390d5c318ceaa4858b52dd0e40e6b203f9f41"

ieee754@^1.1.4:
  version "1.1.8"
  resolved "https://registry.yarnpkg.com/ieee754/-/ieee754-1.1.8.tgz#be33d40ac10ef1926701f6f08a2d86fbfd1ad3e4"

isarray@^1.0.0:
  version "1.0.0"
  resolved "https://registry.yarnpkg.com/isarray/-/isarray-1.0.0.tgz#bb935d48582cba168c06834957a54a3e07124f11"

jmespath@0.15.0:
  version "0.15.0"
  resolved "https://registry.yarnpkg.com/jmespath/-/jmespath-0.15.0.tgz#a3f222a9aae9f966f5d27c796510e28091764217"

lodash@^4.0.0:
  version "4.17.4"
  resolved "https://registry.yarnpkg.com/lodash/-/lodash-4.17.4.tgz#78203a4d1c328ae1d86dca6460e369b57f4055ae"

nan@>=2.5.1:
  version "2.8.0"
  resolved "https://registry.yarnpkg.com/nan/-/nan-2.8.0.tgz#ed715f3fe9de02b57a5e6252d90a96675e1f085a"

os-tmpdir@~1.0.2:
  version "1.0.2"
  resolved "https://registry.yarnpkg.com/os-tmpdir/-/os-tmpdir-1.0.2.tgz#bbe67406c79aa85c5cfec766fe5734555dfa1274"

punycode@1.3.2:
  version "1.3.2"
  resolved "https://registry.yarnpkg.com/punycode/-/punycode-1.3.2.tgz#9653a036fb7c1ee42342f2325cceefea3926c48d"

querystring@0.2.0:
  version "0.2.0"
  resolved "https://registry.yarnpkg.com/querystring/-/querystring-0.2.0.tgz#b209849203bb25df820da756e747005878521620"

sax@1.2.1:
  version "1.2.1"
  resolved "https://registry.yarnpkg.com/sax/-/sax-1.2.1.tgz#7b8e656190b228e81a66aea748480d828cd2d37a"

sax@>=0.6.0:
  version "1.2.4"
  resolved "https://registry.yarnpkg.com/sax/-/sax-1.2.4.tgz#2816234e2378bddc4e5354fab5caa895df7100d9"

sleep@^5.1.1:
  version "5.1.1"
  resolved "https://registry.yarnpkg.com/sleep/-/sleep-5.1.1.tgz#878fa1d44d08eeb0f26fb2018ef8629eb1a3ab94"
  dependencies:
    nan ">=2.5.1"

tmp@^0.0.33:
  version "0.0.33"
  resolved "https://registry.yarnpkg.com/tmp/-/tmp-0.0.33.tgz#6d34335889768d21b2bcda0aa277ced3b1bfadf9"
  dependencies:
    os-tmpdir "~1.0.2"

typescript@^2.1.4:
  version "2.6.2"
  resolved "https://registry.yarnpkg.com/typescript/-/typescript-2.6.2.tgz#3c5b6fd7f6de0914269027f03c0946758f7673a4"

url@0.10.3:
  version "0.10.3"
  resolved "https://registry.yarnpkg.com/url/-/url-0.10.3.tgz#021e4d9c7705f21bbf37d03ceb58767402774c64"
  dependencies:
    punycode "1.3.2"
    querystring "0.2.0"

uuid@3.1.0:
  version "3.1.0"
  resolved "https://registry.yarnpkg.com/uuid/-/uuid-3.1.0.tgz#3dd3d3e790abc24d7b0d3a034ffababe28ebbc04"

xml2js@0.4.17:
  version "0.4.17"
  resolved "https://registry.yarnpkg.com/xml2js/-/xml2js-0.4.17.tgz#17be93eaae3f3b779359c795b419705a8817e868"
  dependencies:
    sax ">=0.6.0"
    xmlbuilder "^4.1.0"

xmlbuilder@4.2.1, xmlbuilder@^4.1.0:
  version "4.2.1"
  resolved "https://registry.yarnpkg.com/xmlbuilder/-/xmlbuilder-4.2.1.tgz#aa58a3041a066f90eaa16c2f5389ff19f3f461a5"
  dependencies:
    lodash "^4.0.0"
