
Microsoft Visual Studio Solution File, Format Version 12.00
# Visual Studio Version 16
VisualStudioVersion = 16.0.30114.105
MinimumVisualStudioVersion = 10.0.40219.1
Project("{FAE04EC0-301F-11D3-BF4B-00C04F79EFBC}") = "Infra", "infra\Infra.csproj", "{75741B98-9641-4FCA-B4EE-23896787E3C2}"
EndProject
Project("{FAE04EC0-301F-11D3-BF4B-00C04F79EFBC}") = "Tests", "tests\Tests.csproj", "{0BBB322D-FEFF-493A-8BDC-13D5B0710C2D}"
EndProject
Global
	GlobalSection(SolutionConfigurationPlatforms) = preSolution
		Debug|Any CPU = Debug|Any CPU
		Release|Any CPU = Release|Any CPU
	EndGlobalSection
	GlobalSection(SolutionProperties) = preSolution
		HideSolutionNode = FALSE
	EndGlobalSection
	GlobalSection(ProjectConfigurationPlatforms) = postSolution
		{75741B98-9641-4FCA-B4EE-23896787E3C2}.Debug|Any CPU.ActiveCfg = Debug|Any CPU
		{75741B98-9641-4FCA-B4EE-23896787E3C2}.Debug|Any CPU.Build.0 = Debug|Any CPU
		{75741B98-9641-4FCA-B4EE-23896787E3C2}.Release|Any CPU.ActiveCfg = Release|Any CPU
		{75741B98-9641-4FCA-B4EE-23896787E3C2}.Release|Any CPU.Build.0 = Release|Any CPU
		{0BBB322D-FEFF-493A-8BDC-13D5B0710C2D}.Debug|Any CPU.ActiveCfg = Debug|Any CPU
		{0BBB322D-FEFF-493A-8BDC-13D5B0710C2D}.Debug|Any CPU.Build.0 = Debug|Any CPU
		{0BBB322D-FEFF-493A-8BDC-13D5B0710C2D}.Release|Any CPU.ActiveCfg = Release|Any CPU
		{0BBB322D-FEFF-493A-8BDC-13D5B0710C2D}.Release|Any CPU.Build.0 = Release|Any CPU
	EndGlobalSection
EndGlobal
